
Microsoft Visual Studio Solution File, Format Version 12.00
# Visual Studio Version 17
VisualStudioVersion = 17.6.33815.320
MinimumVisualStudioVersion = 10.0.40219.1
Project("{FAE04EC0-301F-11D3-BF4B-00C04F79EFBC}") = "ExperimentWithControls", "ExperimentWithControls\ExperimentWithControls.csproj", "{36C634EF-CB38-4066-BE0F-1B114957FFAF}"
EndProject
Global
	GlobalSection(SolutionConfigurationPlatforms) = preSolution
		Debug|Any CPU = Debug|Any CPU
		Release|Any CPU = Release|Any CPU
	EndGlobalSection
	GlobalSection(ProjectConfigurationPlatforms) = postSolution
		{36C634EF-CB38-4066-BE0F-1B114957FFAF}.Debug|Any CPU.ActiveCfg = Debug|Any CPU
		{36C634EF-CB38-4066-BE0F-1B114957FFAF}.Debug|Any CPU.Build.0 = Debug|Any CPU
		{36C634EF-CB38-4066-BE0F-1B114957FFAF}.Release|Any CPU.ActiveCfg = Release|Any CPU
		{36C634EF-CB38-4066-BE0F-1B114957FFAF}.Release|Any CPU.Build.0 = Release|Any CPU
	EndGlobalSection
	GlobalSection(SolutionProperties) = preSolution
		HideSolutionNode = FALSE
	EndGlobalSection
	GlobalSection(ExtensibilityGlobals) = postSolution
		SolutionGuid = {F803B8FD-EEC0-405B-AA1B-74647998FCA5}
	EndGlobalSection
EndGlobal
